// !$*UTF8*$!
{
	archiveVersion = 1;
	classes = {
	};
	objectVersion = 46;
	objects = {

/* Begin PBXBuildFile section */
		74B9D827197FC01F00A1A3B1 /* AppDelegate.swift in Sources */ = {isa = PBXBuildFile; fileRef = 74B9D826197FC01F00A1A3B1 /* AppDelegate.swift */; };
		74B9D829197FC01F00A1A3B1 /* ViewController.swift in Sources */ = {isa = PBXBuildFile; fileRef = 74B9D828197FC01F00A1A3B1 /* ViewController.swift */; };
		74B9D82C197FC01F00A1A3B1 /* Main.storyboard in Resources */ = {isa = PBXBuildFile; fileRef = 74B9D82A197FC01F00A1A3B1 /* Main.storyboard */; };
		74B9D82E197FC01F00A1A3B1 /* Images.xcassets in Resources */ = {isa = PBXBuildFile; fileRef = 74B9D82D197FC01F00A1A3B1 /* Images.xcassets */; };
		74B9D83A197FC01F00A1A3B1 /* SimpleBrowserTests.swift in Sources */ = {isa = PBXBuildFile; fileRef = 74B9D839197FC01F00A1A3B1 /* SimpleBrowserTests.swift */; };
/* End PBXBuildFile section */

/* Begin PBXContainerItemProxy section */
		74B9D834197FC01F00A1A3B1 /* PBXContainerItemProxy */ = {
			isa = PBXContainerItemProxy;
			containerPortal = 74B9D819197FC01F00A1A3B1 /* Project object */;
			proxyType = 1;
			remoteGlobalIDString = 74B9D820197FC01F00A1A3B1;
			remoteInfo = SimpleBrowser;
		};
/* End PBXContainerItemProxy section */

/* Begin PBXFileReference section */
		74B9D821197FC01F00A1A3B1 /* SimpleBrowser.app */ = {isa = PBXFileReference; explicitFileType = wrapper.application; includeInIndex = 0; path = SimpleBrowser.app; sourceTree = BUILT_PRODUCTS_DIR; };
		74B9D825197FC01F00A1A3B1 /* Info.plist */ = {isa = PBXFileReference; lastKnownFileType = text.plist.xml; path = Info.plist; sourceTree = "<group>"; };
		74B9D826197FC01F00A1A3B1 /* AppDelegate.swift */ = {isa = PBXFileReference; lastKnownFileType = sourcecode.swift; path = AppDelegate.swift; sourceTree = "<group>"; };
		74B9D828197FC01F00A1A3B1 /* ViewController.swift */ = {isa = PBXFileReference; lastKnownFileType = sourcecode.swift; path = ViewController.swift; sourceTree = "<group>"; };
		74B9D82B197FC01F00A1A3B1 /* Base */ = {isa = PBXFileReference; lastKnownFileType = file.storyboard; name = Base; path = Base.lproj/Main.storyboard; sourceTree = "<group>"; };
		74B9D82D197FC01F00A1A3B1 /* Images.xcassets */ = {isa = PBXFileReference; lastKnownFileType = folder.assetcatalog; path = Images.xcassets; sourceTree = "<group>"; };
		74B9D833197FC01F00A1A3B1 /* SimpleBrowserTests.xctest */ = {isa = PBXFileReference; explicitFileType = wrapper.cfbundle; includeInIndex = 0; path = SimpleBrowserTests.xctest; sourceTree = BUILT_PRODUCTS_DIR; };
		74B9D838197FC01F00A1A3B1 /* Info.plist */ = {isa = PBXFileReference; lastKnownFileType = text.plist.xml; path = Info.plist; sourceTree = "<group>"; };
		74B9D839197FC01F00A1A3B1 /* SimpleBrowserTests.swift */ = {isa = PBXFileReference; lastKnownFileType = sourcecode.swift; path = SimpleBrowserTests.swift; sourceTree = "<group>"; };
/* End PBXFileReference section */

/* Begin PBXFrameworksBuildPhase section */
		74B9D81E197FC01F00A1A3B1 /* Frameworks */ = {
			isa = PBXFrameworksBuildPhase;
			buildActionMask = 2147483647;
			files = (
			);
			runOnlyForDeploymentPostprocessing = 0;
		};
		74B9D830197FC01F00A1A3B1 /* Frameworks */ = {
			isa = PBXFrameworksBuildPhase;
			buildActionMask = 2147483647;
			files = (
			);
			runOnlyForDeploymentPostprocessing = 0;
		};
/* End PBXFrameworksBuildPhase section */

/* Begin PBXGroup section */
		74B9D818197FC01F00A1A3B1 = {
			isa = PBXGroup;
			children = (
				74B9D823197FC01F00A1A3B1 /* SimpleBrowser */,
				74B9D836197FC01F00A1A3B1 /* SimpleBrowserTests */,
				74B9D822197FC01F00A1A3B1 /* Products */,
			);
			sourceTree = "<group>";
		};
		74B9D822197FC01F00A1A3B1 /* Products */ = {
			isa = PBXGroup;
			children = (
				74B9D821197FC01F00A1A3B1 /* SimpleBrowser.app */,
				74B9D833197FC01F00A1A3B1 /* SimpleBrowserTests.xctest */,
			);
			name = Products;
			sourceTree = "<group>";
		};
		74B9D823197FC01F00A1A3B1 /* SimpleBrowser */ = {
			isa = PBXGroup;
			children = (
				74B9D826197FC01F00A1A3B1 /* AppDelegate.swift */,
				74B9D828197FC01F00A1A3B1 /* ViewController.swift */,
				74B9D82A197FC01F00A1A3B1 /* Main.storyboard */,
				74B9D82D197FC01F00A1A3B1 /* Images.xcassets */,
				74B9D824197FC01F00A1A3B1 /* Supporting Files */,
			);
			path = SimpleBrowser;
			sourceTree = "<group>";
		};
		74B9D824197FC01F00A1A3B1 /* Supporting Files */ = {
			isa = PBXGroup;
			children = (
				74B9D825197FC01F00A1A3B1 /* Info.plist */,
			);
			name = "Supporting Files";
			sourceTree = "<group>";
		};
		74B9D836197FC01F00A1A3B1 /* SimpleBrowserTests */ = {
			isa = PBXGroup;
			children = (
				74B9D839197FC01F00A1A3B1 /* SimpleBrowserTests.swift */,
				74B9D837197FC01F00A1A3B1 /* Supporting Files */,
			);
			path = SimpleBrowserTests;
			sourceTree = "<group>";
		};
		74B9D837197FC01F00A1A3B1 /* Supporting Files */ = {
			isa = PBXGroup;
			children = (
				74B9D838197FC01F00A1A3B1 /* Info.plist */,
			);
			name = "Supporting Files";
			sourceTree = "<group>";
		};
/* End PBXGroup section */

/* Begin PBXNativeTarget section */
		74B9D820197FC01F00A1A3B1 /* SimpleBrowser */ = {
			isa = PBXNativeTarget;
			buildConfigurationList = 74B9D83D197FC01F00A1A3B1 /* Build configuration list for PBXNativeTarget "SimpleBrowser" */;
			buildPhases = (
				74B9D81D197FC01F00A1A3B1 /* Sources */,
				74B9D81E197FC01F00A1A3B1 /* Frameworks */,
				74B9D81F197FC01F00A1A3B1 /* Resources */,
			);
			buildRules = (
			);
			dependencies = (
			);
			name = SimpleBrowser;
			productName = SimpleBrowser;
			productReference = 74B9D821197FC01F00A1A3B1 /* SimpleBrowser.app */;
			productType = "com.apple.product-type.application";
		};
		74B9D832197FC01F00A1A3B1 /* SimpleBrowserTests */ = {
			isa = PBXNativeTarget;
			buildConfigurationList = 74B9D840197FC01F00A1A3B1 /* Build configuration list for PBXNativeTarget "SimpleBrowserTests" */;
			buildPhases = (
				74B9D82F197FC01F00A1A3B1 /* Sources */,
				74B9D830197FC01F00A1A3B1 /* Frameworks */,
				74B9D831197FC01F00A1A3B1 /* Resources */,
			);
			buildRules = (
			);
			dependencies = (
				74B9D835197FC01F00A1A3B1 /* PBXTargetDependency */,
			);
			name = SimpleBrowserTests;
			productName = SimpleBrowserTests;
			productReference = 74B9D833197FC01F00A1A3B1 /* SimpleBrowserTests.xctest */;
			productType = "com.apple.product-type.bundle.unit-test";
		};
/* End PBXNativeTarget section */

/* Begin PBXProject section */
		74B9D819197FC01F00A1A3B1 /* Project object */ = {
			isa = PBXProject;
			attributes = {
				LastUpgradeCheck = 0600;
				ORGANIZATIONNAME = ArmNo;
				TargetAttributes = {
					74B9D820197FC01F00A1A3B1 = {
						CreatedOnToolsVersion = 6.0;
					};
					74B9D832197FC01F00A1A3B1 = {
						CreatedOnToolsVersion = 6.0;
						TestTargetID = 74B9D820197FC01F00A1A3B1;
					};
				};
			};
			buildConfigurationList = 74B9D81C197FC01F00A1A3B1 /* Build configuration list for PBXProject "SimpleBrowser" */;
			compatibilityVersion = "Xcode 3.2";
			developmentRegion = English;
			hasScannedForEncodings = 0;
			knownRegions = (
				en,
				Base,
			);
			mainGroup = 74B9D818197FC01F00A1A3B1;
			productRefGroup = 74B9D822197FC01F00A1A3B1 /* Products */;
			projectDirPath = "";
			projectRoot = "";
			targets = (
				74B9D820197FC01F00A1A3B1 /* SimpleBrowser */,
				74B9D832197FC01F00A1A3B1 /* SimpleBrowserTests */,
			);
		};
/* End PBXProject section */

/* Begin PBXResourcesBuildPhase section */
		74B9D81F197FC01F00A1A3B1 /* Resources */ = {
			isa = PBXResourcesBuildPhase;
			buildActionMask = 2147483647;
			files = (
				74B9D82C197FC01F00A1A3B1 /* Main.storyboard in Resources */,
				74B9D82E197FC01F00A1A3B1 /* Images.xcassets in Resources */,
			);
			runOnlyForDeploymentPostprocessing = 0;
		};
		74B9D831197FC01F00A1A3B1 /* Resources */ = {
			isa = PBXResourcesBuildPhase;
			buildActionMask = 2147483647;
			files = (
			);
			runOnlyForDeploymentPostprocessing = 0;
		};
/* End PBXResourcesBuildPhase section */

/* Begin PBXSourcesBuildPhase section */
		74B9D81D197FC01F00A1A3B1 /* Sources */ = {
			isa = PBXSourcesBuildPhase;
			buildActionMask = 2147483647;
			files = (
				74B9D829197FC01F00A1A3B1 /* ViewController.swift in Sources */,
				74B9D827197FC01F00A1A3B1 /* AppDelegate.swift in Sources */,
			);
			runOnlyForDeploymentPostprocessing = 0;
		};
		74B9D82F197FC01F00A1A3B1 /* Sources */ = {
			isa = PBXSourcesBuildPhase;
			buildActionMask = 2147483647;
			files = (
				74B9D83A197FC01F00A1A3B1 /* SimpleBrowserTests.swift in Sources */,
			);
			runOnlyForDeploymentPostprocessing = 0;
		};
/* End PBXSourcesBuildPhase section */

/* Begin PBXTargetDependency section */
		74B9D835197FC01F00A1A3B1 /* PBXTargetDependency */ = {
			isa = PBXTargetDependency;
			target = 74B9D820197FC01F00A1A3B1 /* SimpleBrowser */;
			targetProxy = 74B9D834197FC01F00A1A3B1 /* PBXContainerItemProxy */;
		};
/* End PBXTargetDependency section */

/* Begin PBXVariantGroup section */
		74B9D82A197FC01F00A1A3B1 /* Main.storyboard */ = {
			isa = PBXVariantGroup;
			children = (
				74B9D82B197FC01F00A1A3B1 /* Base */,
			);
			name = Main.storyboard;
			sourceTree = "<group>";
		};
/* End PBXVariantGroup section */

/* Begin XCBuildConfiguration section */
		74B9D83B197FC01F00A1A3B1 /* Debug */ = {
			isa = XCBuildConfiguration;
			buildSettings = {
				ALWAYS_SEARCH_USER_PATHS = NO;
				CLANG_CXX_LANGUAGE_STANDARD = "gnu++0x";
				CLANG_CXX_LIBRARY = "libc++";
				CLANG_ENABLE_MODULES = YES;
				CLANG_ENABLE_OBJC_ARC = YES;
				CLANG_WARN_BOOL_CONVERSION = YES;
				CLANG_WARN_CONSTANT_CONVERSION = YES;
				CLANG_WARN_DIRECT_OBJC_ISA_USAGE = YES_ERROR;
				CLANG_WARN_EMPTY_BODY = YES;
				CLANG_WARN_ENUM_CONVERSION = YES;
				CLANG_WARN_INT_CONVERSION = YES;
				CLANG_WARN_OBJC_ROOT_CLASS = YES_ERROR;
				CLANG_WARN_UNREACHABLE_CODE = YES;
				CLANG_WARN__DUPLICATE_METHOD_MATCH = YES;
				"CODE_SIGN_IDENTITY[sdk=iphoneos*]" = "iPhone Developer";
				COPY_PHASE_STRIP = NO;
				ENABLE_STRICT_OBJC_MSGSEND = YES;
				GCC_C_LANGUAGE_STANDARD = gnu99;
				GCC_DYNAMIC_NO_PIC = NO;
				GCC_OPTIMIZATION_LEVEL = 0;
				GCC_PREPROCESSOR_DEFINITIONS = (
					"DEBUG=1",
					"$(inherited)",
				);
				GCC_SYMBOLS_PRIVATE_EXTERN = NO;
				GCC_WARN_64_TO_32_BIT_CONVERSION = YES;
				GCC_WARN_ABOUT_RETURN_TYPE = YES_ERROR;
				GCC_WARN_UNDECLARED_SELECTOR = YES;
				GCC_WARN_UNINITIALIZED_AUTOS = YES_AGGRESSIVE;
				GCC_WARN_UNUSED_FUNCTION = YES;
				GCC_WARN_UNUSED_VARIABLE = YES;
				IPHONEOS_DEPLOYMENT_TARGET = 8.0;
				MTL_ENABLE_DEBUG_INFO = YES;
				ONLY_ACTIVE_ARCH = YES;
				SDKROOT = iphoneos;
				SWIFT_OPTIMIZATION_LEVEL = "-Onone";
			};
			name = Debug;
		};
		74B9D83C197FC01F00A1A3B1 /* Release */ = {
			isa = XCBuildConfiguration;
			buildSettings = {
				ALWAYS_SEARCH_USER_PATHS = NO;
				CLANG_CXX_LANGUAGE_STANDARD = "gnu++0x";
				CLANG_CXX_LIBRARY = "libc++";
				CLANG_ENABLE_MODULES = YES;
				CLANG_ENABLE_OBJC_ARC = YES;
				CLANG_WARN_BOOL_CONVERSION = YES;
				CLANG_WARN_CONSTANT_CONVERSION = YES;
				CLANG_WARN_DIRECT_OBJC_ISA_USAGE = YES_ERROR;
				CLANG_WARN_EMPTY_BODY = YES;
				CLANG_WARN_ENUM_CONVERSION = YES;
				CLANG_WARN_INT_CONVERSION = YES;
				CLANG_WARN_OBJC_ROOT_CLASS = YES_ERROR;
				CLANG_WARN_UNREACHABLE_CODE = YES;
				CLANG_WARN__DUPLICATE_METHOD_MATCH = YES;
				"CODE_SIGN_IDENTITY[sdk=iphoneos*]" = "iPhone Developer";
				COPY_PHASE_STRIP = YES;
				ENABLE_NS_ASSERTIONS = NO;
				ENABLE_STRICT_OBJC_MSGSEND = YES;
				GCC_C_LANGUAGE_STANDARD = gnu99;
				GCC_WARN_64_TO_32_BIT_CONVERSION = YES;
				GCC_WARN_ABOUT_RETURN_TYPE = YES_ERROR;
				GCC_WARN_UNDECLARED_SELECTOR = YES;
				GCC_WARN_UNINITIALIZED_AUTOS = YES_AGGRESSIVE;
				GCC_WARN_UNUSED_FUNCTION = YES;
				GCC_WARN_UNUSED_VARIABLE = YES;
				IPHONEOS_DEPLOYMENT_TARGET = 8.0;
				MTL_ENABLE_DEBUG_INFO = NO;
				SDKROOT = iphoneos;
				VALIDATE_PRODUCT = YES;
			};
			name = Release;
		};
		74B9D83E197FC01F00A1A3B1 /* Debug */ = {
			isa = XCBuildConfiguration;
			buildSettings = {
				ASSETCATALOG_COMPILER_APPICON_NAME = AppIcon;
				ASSETCATALOG_COMPILER_LAUNCHIMAGE_NAME = LaunchImage;
				INFOPLIST_FILE = SimpleBrowser/Info.plist;
				LD_RUNPATH_SEARCH_PATHS = "$(inherited) @executable_path/Frameworks";
				PRODUCT_NAME = "$(TARGET_NAME)";
			};
			name = Debug;
		};
		74B9D83F197FC01F00A1A3B1 /* Release */ = {
			isa = XCBuildConfiguration;
			buildSettings = {
				ASSETCATALOG_COMPILER_APPICON_NAME = AppIcon;
				ASSETCATALOG_COMPILER_LAUNCHIMAGE_NAME = LaunchImage;
				INFOPLIST_FILE = SimpleBrowser/Info.plist;
				LD_RUNPATH_SEARCH_PATHS = "$(inherited) @executable_path/Frameworks";
				PRODUCT_NAME = "$(TARGET_NAME)";
			};
			name = Release;
		};
		74B9D841197FC01F00A1A3B1 /* Debug */ = {
			isa = XCBuildConfiguration;
			buildSettings = {
				BUNDLE_LOADER = "$(BUILT_PRODUCTS_DIR)/SimpleBrowser.app/SimpleBrowser";
				FRAMEWORK_SEARCH_PATHS = (
					"$(SDKROOT)/Developer/Library/Frameworks",
					"$(inherited)",
				);
				GCC_PREPROCESSOR_DEFINITIONS = (
					"DEBUG=1",
					"$(inherited)",
				);
				INFOPLIST_FILE = SimpleBrowserTests/Info.plist;
				LD_RUNPATH_SEARCH_PATHS = "$(inherited) @executable_path/Frameworks @loader_path/Frameworks";
				PRODUCT_NAME = "$(TARGET_NAME)";
				TEST_HOST = "$(BUNDLE_LOADER)";
			};
			name = Debug;
		};
		74B9D842197FC01F00A1A3B1 /* Release */ = {
			isa = XCBuildConfiguration;
			buildSettings = {
				BUNDLE_LOADER = "$(BUILT_PRODUCTS_DIR)/SimpleBrowser.app/SimpleBrowser";
				FRAMEWORK_SEARCH_PATHS = (
					"$(SDKROOT)/Developer/Library/Frameworks",
					"$(inherited)",
				);
				INFOPLIST_FILE = SimpleBrowserTests/Info.plist;
				LD_RUNPATH_SEARCH_PATHS = "$(inherited) @executable_path/Frameworks @loader_path/Frameworks";
				PRODUCT_NAME = "$(TARGET_NAME)";
				TEST_HOST = "$(BUNDLE_LOADER)";
			};
			name = Release;
		};
/* End XCBuildConfiguration section */

/* Begin XCConfigurationList section */
		74B9D81C197FC01F00A1A3B1 /* Build configuration list for PBXProject "SimpleBrowser" */ = {
			isa = XCConfigurationList;
			buildConfigurations = (
				74B9D83B197FC01F00A1A3B1 /* Debug */,
				74B9D83C197FC01F00A1A3B1 /* Release */,
			);
			defaultConfigurationIsVisible = 0;
			defaultConfigurationName = Release;
		};
		74B9D83D197FC01F00A1A3B1 /* Build configuration list for PBXNativeTarget "SimpleBrowser" */ = {
			isa = XCConfigurationList;
			buildConfigurations = (
				74B9D83E197FC01F00A1A3B1 /* Debug */,
				74B9D83F197FC01F00A1A3B1 /* Release */,
			);
			defaultConfigurationIsVisible = 0;
		};
		74B9D840197FC01F00A1A3B1 /* Build configuration list for PBXNativeTarget "SimpleBrowserTests" */ = {
			isa = XCConfigurationList;
			buildConfigurations = (
				74B9D841197FC01F00A1A3B1 /* Debug */,
				74B9D842197FC01F00A1A3B1 /* Release */,
			);
			defaultConfigurationIsVisible = 0;
		};
/* End XCConfigurationList section */
	};
	rootObject = 74B9D819197FC01F00A1A3B1 /* Project object */;
}
